
Microsoft Visual Studio Solution File, Format Version 12.00
# Visual Studio 15
VisualStudioVersion = 15.0.27130.2036
MinimumVisualStudioVersion = 10.0.40219.1
Project("{FAE04EC0-301F-11D3-BF4B-00C04F79EFBC}") = "UniversalApp", "UniversalApp\UniversalApp.csproj", "{C5F7BD9C-E777-4128-9903-843358398755}"
EndProject
Project("{FAE04EC0-301F-11D3-BF4B-00C04F79EFBC}") = "LobbyDesk", "LobbyDesk\LobbyDesk.csproj", "{78502CCF-C7CD-4638-A22C-4F04EF7EEF04}"
EndProject
Project("{FAE04EC0-301F-11D3-BF4B-00C04F79EFBC}") = "Bootstrapper", "Bootstrapper\Bootstrapper.csproj", "{13B36244-A79D-41D0-A752-CA1225DC0E07}"
EndProject
Project("{FAE04EC0-301F-11D3-BF4B-00C04F79EFBC}") = "Backend", "Backend\Backend.csproj", "{80E4E408-2D70-4A33-8214-C1B20FB8023C}"
EndProject
Project("{FAE04EC0-301F-11D3-BF4B-00C04F79EFBC}") = "ObjectContainerDLL", "ObjectContainerDLL\ObjectContainerDLL.csproj", "{FCE30F91-868F-4AF7-9C88-D4441DA3B752}"
EndProject
Project("{9A19103F-16F7-4668-BE54-9A1E7A4F7556}") = "HotelWebApp", "HotelWebApp\HotelWebApp.csproj", "{C026A428-5A5B-46D8-A689-DF3CC4A61ED6}"
EndProject
Project("{FAE04EC0-301F-11D3-BF4B-00C04F79EFBC}") = "DBMGR", "DBMGR\DBMGR.csproj", "{9356A12D-60DB-40F7-88DC-81F27571B77A}"
EndProject
Global
	GlobalSection(SolutionConfigurationPlatforms) = preSolution
		Debug|Any CPU = Debug|Any CPU
		Debug|ARM = Debug|ARM
		Debug|x64 = Debug|x64
		Debug|x86 = Debug|x86
		Release|Any CPU = Release|Any CPU
		Release|ARM = Release|ARM
		Release|x64 = Release|x64
		Release|x86 = Release|x86
	EndGlobalSection
	GlobalSection(ProjectConfigurationPlatforms) = postSolution
		{C5F7BD9C-E777-4128-9903-843358398755}.Debug|Any CPU.ActiveCfg = Debug|x86
		{C5F7BD9C-E777-4128-9903-843358398755}.Debug|Any CPU.Build.0 = Debug|x86
		{C5F7BD9C-E777-4128-9903-843358398755}.Debug|ARM.ActiveCfg = Debug|ARM
		{C5F7BD9C-E777-4128-9903-843358398755}.Debug|ARM.Build.0 = Debug|ARM
		{C5F7BD9C-E777-4128-9903-843358398755}.Debug|ARM.Deploy.0 = Debug|ARM
		{C5F7BD9C-E777-4128-9903-843358398755}.Debug|x64.ActiveCfg = Debug|x64
		{C5F7BD9C-E777-4128-9903-843358398755}.Debug|x64.Build.0 = Debug|x64
		{C5F7BD9C-E777-4128-9903-843358398755}.Debug|x64.Deploy.0 = Debug|x64
		{C5F7BD9C-E777-4128-9903-843358398755}.Debug|x86.ActiveCfg = Debug|x86
		{C5F7BD9C-E777-4128-9903-843358398755}.Debug|x86.Build.0 = Debug|x86
		{C5F7BD9C-E777-4128-9903-843358398755}.Debug|x86.Deploy.0 = Debug|x86
		{C5F7BD9C-E777-4128-9903-843358398755}.Release|Any CPU.ActiveCfg = Release|x86
		{C5F7BD9C-E777-4128-9903-843358398755}.Release|ARM.ActiveCfg = Release|ARM
		{C5F7BD9C-E777-4128-9903-843358398755}.Release|ARM.Build.0 = Release|ARM
		{C5F7BD9C-E777-4128-9903-843358398755}.Release|ARM.Deploy.0 = Release|ARM
		{C5F7BD9C-E777-4128-9903-843358398755}.Release|x64.ActiveCfg = Release|x64
		{C5F7BD9C-E777-4128-9903-843358398755}.Release|x64.Build.0 = Release|x64
		{C5F7BD9C-E777-4128-9903-843358398755}.Release|x64.Deploy.0 = Release|x64
		{C5F7BD9C-E777-4128-9903-843358398755}.Release|x86.ActiveCfg = Release|x86
		{C5F7BD9C-E777-4128-9903-843358398755}.Release|x86.Build.0 = Release|x86
		{C5F7BD9C-E777-4128-9903-843358398755}.Release|x86.Deploy.0 = Release|x86
		{78502CCF-C7CD-4638-A22C-4F04EF7EEF04}.Debug|Any CPU.ActiveCfg = Debug|Any CPU
		{78502CCF-C7CD-4638-A22C-4F04EF7EEF04}.Debug|Any CPU.Build.0 = Debug|Any CPU
		{78502CCF-C7CD-4638-A22C-4F04EF7EEF04}.Debug|ARM.ActiveCfg = Debug|Any CPU
		{78502CCF-C7CD-4638-A22C-4F04EF7EEF04}.Debug|ARM.Build.0 = Debug|Any CPU
		{78502CCF-C7CD-4638-A22C-4F04EF7EEF04}.Debug|x64.ActiveCfg = Debug|Any CPU
		{78502CCF-C7CD-4638-A22C-4F04EF7EEF04}.Debug|x64.Build.0 = Debug|Any CPU
		{78502CCF-C7CD-4638-A22C-4F04EF7EEF04}.Debug|x86.ActiveCfg = Debug|Any CPU
		{78502CCF-C7CD-4638-A22C-4F04EF7EEF04}.Debug|x86.Build.0 = Debug|Any CPU
		{78502CCF-C7CD-4638-A22C-4F04EF7EEF04}.Release|Any CPU.ActiveCfg = Release|Any CPU
		{78502CCF-C7CD-4638-A22C-4F04EF7EEF04}.Release|Any CPU.Build.0 = Release|Any CPU
		{78502CCF-C7CD-4638-A22C-4F04EF7EEF04}.Release|ARM.ActiveCfg = Release|Any CPU
		{78502CCF-C7CD-4638-A22C-4F04EF7EEF04}.Release|ARM.Build.0 = Release|Any CPU
		{78502CCF-C7CD-4638-A22C-4F04EF7EEF04}.Release|x64.ActiveCfg = Release|Any CPU
		{78502CCF-C7CD-4638-A22C-4F04EF7EEF04}.Release|x64.Build.0 = Release|Any CPU
		{78502CCF-C7CD-4638-A22C-4F04EF7EEF04}.Release|x86.ActiveCfg = Release|Any CPU
		{78502CCF-C7CD-4638-A22C-4F04EF7EEF04}.Release|x86.Build.0 = Release|Any CPU
		{13B36244-A79D-41D0-A752-CA1225DC0E07}.Debug|Any CPU.ActiveCfg = Debug|Any CPU
		{13B36244-A79D-41D0-A752-CA1225DC0E07}.Debug|Any CPU.Build.0 = Debug|Any CPU
		{13B36244-A79D-41D0-A752-CA1225DC0E07}.Debug|ARM.ActiveCfg = Debug|Any CPU
		{13B36244-A79D-41D0-A752-CA1225DC0E07}.Debug|ARM.Build.0 = Debug|Any CPU
		{13B36244-A79D-41D0-A752-CA1225DC0E07}.Debug|x64.ActiveCfg = Debug|Any CPU
		{13B36244-A79D-41D0-A752-CA1225DC0E07}.Debug|x64.Build.0 = Debug|Any CPU
		{13B36244-A79D-41D0-A752-CA1225DC0E07}.Debug|x86.ActiveCfg = Debug|Any CPU
		{13B36244-A79D-41D0-A752-CA1225DC0E07}.Debug|x86.Build.0 = Debug|Any CPU
		{13B36244-A79D-41D0-A752-CA1225DC0E07}.Release|Any CPU.ActiveCfg = Release|Any CPU
		{13B36244-A79D-41D0-A752-CA1225DC0E07}.Release|Any CPU.Build.0 = Release|Any CPU
		{13B36244-A79D-41D0-A752-CA1225DC0E07}.Release|ARM.ActiveCfg = Release|Any CPU
		{13B36244-A79D-41D0-A752-CA1225DC0E07}.Release|ARM.Build.0 = Release|Any CPU
		{13B36244-A79D-41D0-A752-CA1225DC0E07}.Release|x64.ActiveCfg = Release|Any CPU
		{13B36244-A79D-41D0-A752-CA1225DC0E07}.Release|x64.Build.0 = Release|Any CPU
		{13B36244-A79D-41D0-A752-CA1225DC0E07}.Release|x86.ActiveCfg = Release|Any CPU
		{13B36244-A79D-41D0-A752-CA1225DC0E07}.Release|x86.Build.0 = Release|Any CPU
		{80E4E408-2D70-4A33-8214-C1B20FB8023C}.Debug|Any CPU.ActiveCfg = Debug|Any CPU
		{80E4E408-2D70-4A33-8214-C1B20FB8023C}.Debug|Any CPU.Build.0 = Debug|Any CPU
		{80E4E408-2D70-4A33-8214-C1B20FB8023C}.Debug|ARM.ActiveCfg = Debug|Any CPU
		{80E4E408-2D70-4A33-8214-C1B20FB8023C}.Debug|ARM.Build.0 = Debug|Any CPU
		{80E4E408-2D70-4A33-8214-C1B20FB8023C}.Debug|x64.ActiveCfg = Debug|Any CPU
		{80E4E408-2D70-4A33-8214-C1B20FB8023C}.Debug|x64.Build.0 = Debug|Any CPU
		{80E4E408-2D70-4A33-8214-C1B20FB8023C}.Debug|x86.ActiveCfg = Debug|Any CPU
		{80E4E408-2D70-4A33-8214-C1B20FB8023C}.Debug|x86.Build.0 = Debug|Any CPU
		{80E4E408-2D70-4A33-8214-C1B20FB8023C}.Release|Any CPU.ActiveCfg = Release|Any CPU
		{80E4E408-2D70-4A33-8214-C1B20FB8023C}.Release|Any CPU.Build.0 = Release|Any CPU
		{80E4E408-2D70-4A33-8214-C1B20FB8023C}.Release|ARM.ActiveCfg = Release|Any CPU
		{80E4E408-2D70-4A33-8214-C1B20FB8023C}.Release|ARM.Build.0 = Release|Any CPU
		{80E4E408-2D70-4A33-8214-C1B20FB8023C}.Release|x64.ActiveCfg = Release|Any CPU
		{80E4E408-2D70-4A33-8214-C1B20FB8023C}.Release|x64.Build.0 = Release|Any CPU
		{80E4E408-2D70-4A33-8214-C1B20FB8023C}.Release|x86.ActiveCfg = Release|Any CPU
		{80E4E408-2D70-4A33-8214-C1B20FB8023C}.Release|x86.Build.0 = Release|Any CPU
		{FCE30F91-868F-4AF7-9C88-D4441DA3B752}.Debug|Any CPU.ActiveCfg = Debug|Any CPU
		{FCE30F91-868F-4AF7-9C88-D4441DA3B752}.Debug|Any CPU.Build.0 = Debug|Any CPU
		{FCE30F91-868F-4AF7-9C88-D4441DA3B752}.Debug|ARM.ActiveCfg = Debug|Any CPU
		{FCE30F91-868F-4AF7-9C88-D4441DA3B752}.Debug|ARM.Build.0 = Debug|Any CPU
		{FCE30F91-868F-4AF7-9C88-D4441DA3B752}.Debug|x64.ActiveCfg = Debug|Any CPU
		{FCE30F91-868F-4AF7-9C88-D4441DA3B752}.Debug|x64.Build.0 = Debug|Any CPU
		{FCE30F91-868F-4AF7-9C88-D4441DA3B752}.Debug|x86.ActiveCfg = Debug|Any CPU
		{FCE30F91-868F-4AF7-9C88-D4441DA3B752}.Debug|x86.Build.0 = Debug|Any CPU
		{FCE30F91-868F-4AF7-9C88-D4441DA3B752}.Release|Any CPU.ActiveCfg = Release|Any CPU
		{FCE30F91-868F-4AF7-9C88-D4441DA3B752}.Release|Any CPU.Build.0 = Release|Any CPU
		{FCE30F91-868F-4AF7-9C88-D4441DA3B752}.Release|ARM.ActiveCfg = Release|Any CPU
		{FCE30F91-868F-4AF7-9C88-D4441DA3B752}.Release|ARM.Build.0 = Release|Any CPU
		{FCE30F91-868F-4AF7-9C88-D4441DA3B752}.Release|x64.ActiveCfg = Release|Any CPU
		{FCE30F91-868F-4AF7-9C88-D4441DA3B752}.Release|x64.Build.0 = Release|Any CPU
		{FCE30F91-868F-4AF7-9C88-D4441DA3B752}.Release|x86.ActiveCfg = Release|Any CPU
		{FCE30F91-868F-4AF7-9C88-D4441DA3B752}.Release|x86.Build.0 = Release|Any CPU
		{C026A428-5A5B-46D8-A689-DF3CC4A61ED6}.Debug|Any CPU.ActiveCfg = Debug|Any CPU
		{C026A428-5A5B-46D8-A689-DF3CC4A61ED6}.Debug|Any CPU.Build.0 = Debug|Any CPU
		{C026A428-5A5B-46D8-A689-DF3CC4A61ED6}.Debug|ARM.ActiveCfg = Debug|Any CPU
		{C026A428-5A5B-46D8-A689-DF3CC4A61ED6}.Debug|ARM.Build.0 = Debug|Any CPU
		{C026A428-5A5B-46D8-A689-DF3CC4A61ED6}.Debug|x64.ActiveCfg = Debug|Any CPU
		{C026A428-5A5B-46D8-A689-DF3CC4A61ED6}.Debug|x64.Build.0 = Debug|Any CPU
		{C026A428-5A5B-46D8-A689-DF3CC4A61ED6}.Debug|x86.ActiveCfg = Debug|Any CPU
		{C026A428-5A5B-46D8-A689-DF3CC4A61ED6}.Debug|x86.Build.0 = Debug|Any CPU
		{C026A428-5A5B-46D8-A689-DF3CC4A61ED6}.Release|Any CPU.ActiveCfg = Release|Any CPU
		{C026A428-5A5B-46D8-A689-DF3CC4A61ED6}.Release|Any CPU.Build.0 = Release|Any CPU
		{C026A428-5A5B-46D8-A689-DF3CC4A61ED6}.Release|ARM.ActiveCfg = Release|Any CPU
		{C026A428-5A5B-46D8-A689-DF3CC4A61ED6}.Release|ARM.Build.0 = Release|Any CPU
		{C026A428-5A5B-46D8-A689-DF3CC4A61ED6}.Release|x64.ActiveCfg = Release|Any CPU
		{C026A428-5A5B-46D8-A689-DF3CC4A61ED6}.Release|x64.Build.0 = Release|Any CPU
		{C026A428-5A5B-46D8-A689-DF3CC4A61ED6}.Release|x86.ActiveCfg = Release|Any CPU
		{C026A428-5A5B-46D8-A689-DF3CC4A61ED6}.Release|x86.Build.0 = Release|Any CPU
		{9356A12D-60DB-40F7-88DC-81F27571B77A}.Debug|Any CPU.ActiveCfg = Debug|Any CPU
		{9356A12D-60DB-40F7-88DC-81F27571B77A}.Debug|Any CPU.Build.0 = Debug|Any CPU
		{9356A12D-60DB-40F7-88DC-81F27571B77A}.Debug|ARM.ActiveCfg = Debug|Any CPU
		{9356A12D-60DB-40F7-88DC-81F27571B77A}.Debug|ARM.Build.0 = Debug|Any CPU
		{9356A12D-60DB-40F7-88DC-81F27571B77A}.Debug|x64.ActiveCfg = Debug|Any CPU
		{9356A12D-60DB-40F7-88DC-81F27571B77A}.Debug|x64.Build.0 = Debug|Any CPU
		{9356A12D-60DB-40F7-88DC-81F27571B77A}.Debug|x86.ActiveCfg = Debug|Any CPU
		{9356A12D-60DB-40F7-88DC-81F27571B77A}.Debug|x86.Build.0 = Debug|Any CPU
		{9356A12D-60DB-40F7-88DC-81F27571B77A}.Release|Any CPU.ActiveCfg = Release|Any CPU
		{9356A12D-60DB-40F7-88DC-81F27571B77A}.Release|Any CPU.Build.0 = Release|Any CPU
		{9356A12D-60DB-40F7-88DC-81F27571B77A}.Release|ARM.ActiveCfg = Release|Any CPU
		{9356A12D-60DB-40F7-88DC-81F27571B77A}.Release|ARM.Build.0 = Release|Any CPU
		{9356A12D-60DB-40F7-88DC-81F27571B77A}.Release|x64.ActiveCfg = Release|Any CPU
		{9356A12D-60DB-40F7-88DC-81F27571B77A}.Release|x64.Build.0 = Release|Any CPU
		{9356A12D-60DB-40F7-88DC-81F27571B77A}.Release|x86.ActiveCfg = Release|Any CPU
		{9356A12D-60DB-40F7-88DC-81F27571B77A}.Release|x86.Build.0 = Release|Any CPU
	EndGlobalSection
	GlobalSection(SolutionProperties) = preSolution
		HideSolutionNode = FALSE
	EndGlobalSection
	GlobalSection(ExtensibilityGlobals) = postSolution
		SolutionGuid = {D5747E1F-B014-456D-BBAF-1DC4218B1018}
	EndGlobalSection
EndGlobal
